<?xml version="1.0" encoding="utf-8"?>
<Project ToolsVersion="4.0" xmlns="http://schemas.microsoft.com/developer/msbuild/2003">
  <ItemGroup>
    <Filter Include="Source">
      <UniqueIdentifier>{4FC737F1-C7A5-4376-A066-2A32D752A2FF}</UniqueIdentifier>
      <Extensions>cpp;c;cc;cxx;c++;cppm;ixx;def;odl;idl;hpj;bat;asm;asmx</Extensions>
    </Filter>
    <Filter Include="Shaders">
      <UniqueIdentifier>{5be7f017-e120-4a9b-86a3-9cbf6453b9bc}</UniqueIdentifier>
    </Filter>
    <Filter Include="Materials">
      <UniqueIdentifier>{2dc36347-9b22-4096-a0e8-b1db4641adbd}</UniqueIdentifier>
    </Filter>
    <Filter Include="Scenes">
      <UniqueIdentifier>{fb99d63a-8aa4-4d98-a56b-47580e7665c6}</UniqueIdentifier>
    </Filter>
    <Filter Include="Shaders\Cubemap">
      <UniqueIdentifier>{4cc299f6-ab83-4eca-87c6-e224c355d742}</UniqueIdentifier>
    </Filter>
    <Filter Include="Shaders\lit">
      <UniqueIdentifier>{51952b12-099f-4776-89dc-49de242160a3}</UniqueIdentifier>
    </Filter>
    <Filter Include="Shaders\unlint">
      <UniqueIdentifier>{dd2cf99a-2abf-4fd3-a71b-f76d1b4a2d7f}</UniqueIdentifier>
    </Filter>
  </ItemGroup>
  <ItemGroup>
    <ClCompile Include="Main.cpp">
      <Filter>Source</Filter>
    </ClCompile>
    <ClCompile Include="World01.cpp">
      <Filter>Source</Filter>
    </ClCompile>
    <ClCompile Include="World02.cpp">
      <Filter>Source</Filter>
    </ClCompile>
    <ClCompile Include="World03.cpp">
      <Filter>Source</Filter>
    </ClCompile>
    <ClCompile Include="World04.cpp">
      <Filter>Source</Filter>
    </ClCompile>
    <ClCompile Include="World05.cpp">
      <Filter>Source</Filter>
    </ClCompile>
    <ClCompile Include="World06.cpp">
      <Filter>Source</Filter>
    </ClCompile>
    <ClCompile Include="World07.cpp">
      <Filter>Source</Filter>
    </ClCompile>
    <ClCompile Include="World08.cpp">
      <Filter>Source</Filter>
    </ClCompile>
  </ItemGroup>
  <ItemGroup>
    <ClInclude Include="World01.h">
      <Filter>Source</Filter>
    </ClInclude>
    <ClInclude Include="World02.h">
      <Filter>Source</Filter>
    </ClInclude>
    <ClInclude Include="World03.h">
      <Filter>Source</Filter>
    </ClInclude>
    <ClInclude Include="World04.h">
      <Filter>Source</Filter>
    </ClInclude>
    <ClInclude Include="World05.h">
      <Filter>Source</Filter>
    </ClInclude>
    <ClInclude Include="World06.h">
      <Filter>Source</Filter>
    </ClInclude>
    <ClInclude Include="World07.h">
      <Filter>Source</Filter>
    </ClInclude>
    <ClInclude Include="World08.h">
      <Filter>Source</Filter>
    </ClInclude>
  </ItemGroup>
  <ItemGroup>
    <None Include="..\..\Build\Assets\Shaders\multi_lit_texture.frag">
      <Filter>Shaders</Filter>
    </None>
    <None Include="..\..\Build\Assets\Shaders\multi_lit_texture.prog">
      <Filter>Shaders</Filter>
    </None>
    <None Include="..\..\Build\Assets\Materials\grid.mtrl">
      <Filter>Materials</Filter>
    </None>
    <None Include="..\..\Build\Assets\Materials\multi.mtrl">
      <Filter>Materials</Filter>
    </None>
    <None Include="..\..\Build\Assets\Materials\quad.mtrl">
      <Filter>Materials</Filter>
    </None>
    <None Include="..\..\Build\Assets\Materials\squirrel.mtrl">
      <Filter>Materials</Filter>
    </None>
    <None Include="..\..\Build\Assets\Scenes\scene.json">
      <Filter>Scenes</Filter>
    </None>
    <None Include="..\..\Build\Assets\Materials\phong.mtrl">
      <Filter>Materials</Filter>
    </None>
    <None Include="..\..\Build\Assets\Materials\ogre.mtrl">
      <Filter>Materials</Filter>
    </None>
    <None Include="..\..\Build\Assets\Materials\skybox.mtrl">
      <Filter>Materials</Filter>
    </None>
    <None Include="..\..\Build\Assets\Shaders\skybox.prog">
      <Filter>Shaders\Cubemap</Filter>
    </None>
    <None Include="..\..\Build\Assets\Shaders\cubemap.frag">
      <Filter>Shaders\Cubemap</Filter>
    </None>
    <None Include="..\..\Build\Assets\Shaders\skybox.vert">
      <Filter>Shaders\Cubemap</Filter>
    </None>
    <None Include="..\..\Build\Assets\Shaders\reflection.prog">
      <Filter>Shaders\Cubemap</Filter>
    </None>
    <None Include="..\..\Build\Assets\Shaders\reflection.vert">
      <Filter>Shaders\Cubemap</Filter>
    </None>
    <None Include="..\..\Build\Assets\Materials\reflection.mtrl">
      <Filter>Materials</Filter>
    </None>
    <None Include="..\..\Build\Assets\Shaders\refraction.prog">
      <Filter>Shaders\Cubemap</Filter>
    </None>
    <None Include="..\..\Build\Assets\Shaders\refraction.vert">
      <Filter>Shaders\Cubemap</Filter>
    </None>
    <None Include="..\..\Build\Assets\Materials\refraction.mtrl">
      <Filter>Materials</Filter>
    </None>
    <None Include="..\..\Build\Assets\Materials\sprite.mtrl">
      <Filter>Materials</Filter>
    </None>
    <None Include="..\..\Build\Assets\Shaders\lit_phong.frag">
      <Filter>Shaders\lit</Filter>
    </None>
    <None Include="..\..\Build\Assets\Shaders\lit_phong.prog">
      <Filter>Shaders\lit</Filter>
    </None>
    <None Include="..\..\Build\Assets\Shaders\lit_phong.vert">
      <Filter>Shaders\lit</Filter>
    </None>
    <None Include="..\..\Build\Assets\Shaders\lit_phong_normal.frag">
      <Filter>Shaders\lit</Filter>
    </None>
    <None Include="..\..\Build\Assets\Shaders\lit_phong_normal.prog">
      <Filter>Shaders\lit</Filter>
    </None>
    <None Include="..\..\Build\Assets\Shaders\lit_phong_normal.vert">
      <Filter>Shaders\lit</Filter>
    </None>
    <None Include="..\..\Build\Assets\Shaders\lit_texture.frag">
      <Filter>Shaders\lit</Filter>
    </None>
    <None Include="..\..\Build\Assets\Shaders\lit_texture.prog">
      <Filter>Shaders\lit</Filter>
    </None>
    <None Include="..\..\Build\Assets\Shaders\lit_texture.vert">
      <Filter>Shaders\lit</Filter>
    </None>
    <None Include="..\..\Build\Assets\Shaders\lit_texture_gouraud.frag">
      <Filter>Shaders\lit</Filter>
    </None>
    <None Include="..\..\Build\Assets\Shaders\lit_texture_gouraud.vert">
      <Filter>Shaders\lit</Filter>
    </None>
    <None Include="..\..\Build\Assets\Shaders\unlit_billboard.prog">
      <Filter>Shaders\unlint</Filter>
    </None>
    <None Include="..\..\Build\Assets\Shaders\unlit_billboard.vert">
      <Filter>Shaders\unlint</Filter>
    </None>
    <None Include="..\..\Build\Assets\Shaders\unlit_color.frag">
      <Filter>Shaders\unlint</Filter>
    </None>
    <None Include="..\..\Build\Assets\Shaders\unlit_color.prog">
      <Filter>Shaders\unlint</Filter>
    </None>
    <None Include="..\..\Build\Assets\Shaders\unlit_color.vert">
      <Filter>Shaders\unlint</Filter>
    </None>
    <None Include="..\..\Build\Assets\Shaders\unlit_multi_texture.frag">
      <Filter>Shaders\unlint</Filter>
    </None>
    <None Include="..\..\Build\Assets\Shaders\unlit_multi_texture.prog">
      <Filter>Shaders\unlint</Filter>
    </None>
    <None Include="..\..\Build\Assets\Shaders\unlit_sprite.frag">
      <Filter>Shaders\unlint</Filter>
    </None>
    <None Include="..\..\Build\Assets\Shaders\unlit_sprite.prog">
      <Filter>Shaders\unlint</Filter>
    </None>
    <None Include="..\..\Build\Assets\Shaders\unlit_sprite.vert">
      <Filter>Shaders\unlint</Filter>
    </None>
    <None Include="..\..\Build\Assets\Shaders\unlit_texture.frag">
      <Filter>Shaders\unlint</Filter>
    </None>
    <None Include="..\..\Build\Assets\Shaders\unlit_texture.prog">
      <Filter>Shaders\unlint</Filter>
    </None>
    <None Include="..\..\Build\Assets\Shaders\unlit_texture.vert">
      <Filter>Shaders\unlint</Filter>
    </None>
    <None Include="..\..\Build\Assets\Materials\tree.mtrl">
      <Filter>Materials</Filter>
    </None>
    <None Include="..\..\Build\Assets\Scenes\scene_FrameBuffer.json">
      <Filter>Scenes</Filter>
    </None>
    <None Include="..\..\Build\Assets\Materials\frameBuffer.mtrl">
      <Filter>Materials</Filter>
    </None>
    <None Include="..\..\Build\Assets\Shaders\post_process.frag">
      <Filter>Shaders</Filter>
    </None>
    <None Include="..\..\Build\Assets\Shaders\post_process.prog">
      <Filter>Shaders</Filter>
    </None>
    <None Include="..\..\Build\Assets\Shaders\post_process.vert">
      <Filter>Shaders</Filter>
    </None>
    <None Include="..\..\Build\Assets\Materials\post_process.mtrl">
      <Filter>Materials</Filter>
    </None>
    <None Include="..\..\Build\Assets\Scenes\scene_Shadow.json">
      <Filter>Scenes</Filter>
    </None>
    <None Include="..\..\Build\Assets\Fantasy\fantasy.mtrl">
      <Filter>Materials</Filter>
    </None>
    <None Include="..\..\Build\Assets\Shaders\shadow_depth.frag">
      <Filter>Shaders</Filter>
    </None>
    <None Include="..\..\Build\Assets\Shaders\shadow_depth.prog">
      <Filter>Shaders</Filter>
    </None>
    <None Include="..\..\Build\Assets\Shaders\shadow_depth.vert">
      <Filter>Shaders</Filter>
    </None>
    <None Include="..\..\Build\Assets\Materials\ui_light.mtrl">
      <Filter>Materials</Filter>
    </None>
    <None Include="..\..\Build\Assets\Shaders\lit_phong_cel.frag">
      <Filter>Shaders\lit</Filter>
    </None>
    <None Include="..\..\Build\Assets\Shaders\lit_phong_cel.prog">
      <Filter>Shaders\lit</Filter>
    </None>
    <None Include="..\..\Build\Assets\Fantasy\fantasy_cel.mtrl">
      <Filter>Materials</Filter>
    </None>
    <None Include="..\..\Build\Assets\Shaders\lit_phong_cel.vert">
      <Filter>Shaders\lit</Filter>
    </None>
    <None Include="..\..\Build\Assets\Materials\cel.mtrl">
      <Filter>Materials</Filter>
    </None>
  </ItemGroup>
</Project>